{
  "version": 4,
  "terraform_version": "1.5.7",
  "serial": 89,
  "lineage": "f8672e1c-1c3b-de18-5b7c-479709ac13c1",
  "outputs": {
    "application_gateway_public_ip": {
      "value": "20.212.104.155",
      "type": "string"
    },
    "backend_vm_names": {
      "value": [
        "vm-backend-1",
        "vm-backend-2"
      ],
      "type": [
        "tuple",
        [
          "string",
          "string"
        ]
      ]
    },
    "backend_vm_private_ips": {
      "value": [
        "10.0.2.4",
        "10.0.2.5"
      ],
      "type": [
        "tuple",
        [
          "string",
          "string"
        ]
      ]
    },
    "resource_group_location": {
      "value": "southeastasia",
      "type": "string"
    },
    "resource_group_name": {
      "value": "rg-2tier-app",
      "type": "string"
    }
  },
  "resources": [
    {
      "mode": "managed",
      "type": "azurerm_application_gateway",
      "name": "main",
      "provider": "provider[\"registry.terraform.io/hashicorp/azurerm\"]",
      "instances": [
        {
          "schema_version": 0,
          "attributes": {
            "authentication_certificate": [],
            "autoscale_configuration": [],
            "backend_address_pool": [
              {
                "fqdns": [],
                "id": "/subscriptions/e4ae0d21-096e-49c5-9d72-37f8bde8a8a3/resourceGroups/rg-2tier-app/providers/Microsoft.Network/applicationGateways/appgw-prod-2tier/backendAddressPools/backend-pool",
                "ip_addresses": [
                  "10.0.2.4",
                  "10.0.2.5"
                ],
                "name": "backend-pool"
              }
            ],
            "backend_http_settings": [
              {
                "affinity_cookie_name": "",
                "authentication_certificate": [],
                "connection_draining": [],
                "cookie_based_affinity": "Disabled",
                "host_name": "",
                "id": "/subscriptions/e4ae0d21-096e-49c5-9d72-37f8bde8a8a3/resourceGroups/rg-2tier-app/providers/Microsoft.Network/applicationGateways/appgw-prod-2tier/backendHttpSettingsCollection/http-settings",
                "name": "http-settings",
                "path": "",
                "pick_host_name_from_backend_address": false,
                "port": 80,
                "probe_id": "/subscriptions/e4ae0d21-096e-49c5-9d72-37f8bde8a8a3/resourceGroups/rg-2tier-app/providers/Microsoft.Network/applicationGateways/appgw-prod-2tier/probes/health-probe",
                "probe_name": "health-probe",
                "protocol": "Http",
                "request_timeout": 30,
                "trusted_root_certificate_names": []
              }
            ],
            "custom_error_configuration": [],
            "enable_http2": false,
            "fips_enabled": false,
            "firewall_policy_id": "",
            "force_firewall_policy_association": false,
            "frontend_ip_configuration": [
              {
                "id": "/subscriptions/e4ae0d21-096e-49c5-9d72-37f8bde8a8a3/resourceGroups/rg-2tier-app/providers/Microsoft.Network/applicationGateways/appgw-prod-2tier/frontendIPConfigurations/frontend-ip-config",
                "name": "frontend-ip-config",
                "private_ip_address": "",
                "private_ip_address_allocation": "Dynamic",
                "private_link_configuration_id": "",
                "private_link_configuration_name": "",
                "public_ip_address_id": "/subscriptions/e4ae0d21-096e-49c5-9d72-37f8bde8a8a3/resourceGroups/rg-2tier-app/providers/Microsoft.Network/publicIPAddresses/pip-appgw-prod",
                "subnet_id": ""
              }
            ],
            "frontend_port": [
              {
                "id": "/subscriptions/e4ae0d21-096e-49c5-9d72-37f8bde8a8a3/resourceGroups/rg-2tier-app/providers/Microsoft.Network/applicationGateways/appgw-prod-2tier/frontendPorts/http-port",
                "name": "http-port",
                "port": 80
              }
            ],
            "gateway_ip_configuration": [
              {
                "id": "/subscriptions/e4ae0d21-096e-49c5-9d72-37f8bde8a8a3/resourceGroups/rg-2tier-app/providers/Microsoft.Network/applicationGateways/appgw-prod-2tier/gatewayIPConfigurations/gateway-ip-config",
                "name": "gateway-ip-config",
                "subnet_id": "/subscriptions/e4ae0d21-096e-49c5-9d72-37f8bde8a8a3/resourceGroups/rg-2tier-app/providers/Microsoft.Network/virtualNetworks/vnet-prod-2tier/subnets/snet-appgw"
              }
            ],
            "global": [],
            "http_listener": [
              {
                "custom_error_configuration": [],
                "firewall_policy_id": "",
                "frontend_ip_configuration_id": "/subscriptions/e4ae0d21-096e-49c5-9d72-37f8bde8a8a3/resourceGroups/rg-2tier-app/providers/Microsoft.Network/applicationGateways/appgw-prod-2tier/frontendIPConfigurations/frontend-ip-config",
                "frontend_ip_configuration_name": "frontend-ip-config",
                "frontend_port_id": "/subscriptions/e4ae0d21-096e-49c5-9d72-37f8bde8a8a3/resourceGroups/rg-2tier-app/providers/Microsoft.Network/applicationGateways/appgw-prod-2tier/frontendPorts/http-port",
                "frontend_port_name": "http-port",
                "host_name": "",
                "host_names": [],
                "id": "/subscriptions/e4ae0d21-096e-49c5-9d72-37f8bde8a8a3/resourceGroups/rg-2tier-app/providers/Microsoft.Network/applicationGateways/appgw-prod-2tier/httpListeners/http-listener",
                "name": "http-listener",
                "protocol": "Http",
                "require_sni": false,
                "ssl_certificate_id": "",
                "ssl_certificate_name": "",
                "ssl_profile_id": "",
                "ssl_profile_name": ""
              }
            ],
            "id": "/subscriptions/e4ae0d21-096e-49c5-9d72-37f8bde8a8a3/resourceGroups/rg-2tier-app/providers/Microsoft.Network/applicationGateways/appgw-prod-2tier",
            "identity": [],
            "location": "southeastasia",
            "name": "appgw-prod-2tier",
            "private_endpoint_connection": [],
            "private_link_configuration": [],
            "probe": [
              {
                "host": "127.0.0.1",
                "id": "/subscriptions/e4ae0d21-096e-49c5-9d72-37f8bde8a8a3/resourceGroups/rg-2tier-app/providers/Microsoft.Network/applicationGateways/appgw-prod-2tier/probes/health-probe",
                "interval": 30,
                "match": [
                  {
                    "body": "",
                    "status_code": [
                      "200-399"
                    ]
                  }
                ],
                "minimum_servers": 0,
                "name": "health-probe",
                "path": "/",
                "pick_host_name_from_backend_http_settings": false,
                "port": 80,
                "protocol": "Http",
                "timeout": 30,
                "unhealthy_threshold": 3
              }
            ],
            "redirect_configuration": [],
            "request_routing_rule": [
              {
                "backend_address_pool_id": "/subscriptions/e4ae0d21-096e-49c5-9d72-37f8bde8a8a3/resourceGroups/rg-2tier-app/providers/Microsoft.Network/applicationGateways/appgw-prod-2tier/backendAddressPools/backend-pool",
                "backend_address_pool_name": "backend-pool",
                "backend_http_settings_id": "/subscriptions/e4ae0d21-096e-49c5-9d72-37f8bde8a8a3/resourceGroups/rg-2tier-app/providers/Microsoft.Network/applicationGateways/appgw-prod-2tier/backendHttpSettingsCollection/http-settings",
                "backend_http_settings_name": "http-settings",
                "http_listener_id": "/subscriptions/e4ae0d21-096e-49c5-9d72-37f8bde8a8a3/resourceGroups/rg-2tier-app/providers/Microsoft.Network/applicationGateways/appgw-prod-2tier/httpListeners/http-listener",
                "http_listener_name": "http-listener",
                "id": "/subscriptions/e4ae0d21-096e-49c5-9d72-37f8bde8a8a3/resourceGroups/rg-2tier-app/providers/Microsoft.Network/applicationGateways/appgw-prod-2tier/requestRoutingRules/routing-rule",
                "name": "routing-rule",
                "priority": 100,
                "redirect_configuration_id": "",
                "redirect_configuration_name": "",
                "rewrite_rule_set_id": "",
                "rewrite_rule_set_name": "",
                "rule_type": "Basic",
                "url_path_map_id": "",
                "url_path_map_name": ""
              }
            ],
            "resource_group_name": "rg-2tier-app",
            "rewrite_rule_set": [],
            "sku": [
              {
                "capacity": 2,
                "name": "Standard_v2",
                "tier": "Standard_v2"
              }
            ],
            "ssl_certificate": [],
            "ssl_policy": [
              {
                "cipher_suites": null,
                "disabled_protocols": null,
                "min_protocol_version": "",
                "policy_name": "AppGwSslPolicy20220101",
                "policy_type": "Predefined"
              }
            ],
            "ssl_profile": [],
            "tags": {
              "Environment": "Development",
              "ManagedBy": "Terraform",
              "Project": "2-Tier-App"
            },
            "timeouts": null,
            "trusted_client_certificate": [],
            "trusted_root_certificate": [],
            "url_path_map": [],
            "waf_configuration": [],
            "zones": null
          },
          "sensitive_attributes": [],
          "private": "eyJlMmJmYjczMC1lY2FhLTExZTYtOGY4OC0zNDM2M2JjN2M0YzAiOnsiY3JlYXRlIjo1NDAwMDAwMDAwMDAwLCJkZWxldGUiOjU0MDAwMDAwMDAwMDAsInJlYWQiOjMwMDAwMDAwMDAwMCwidXBkYXRlIjo1NDAwMDAwMDAwMDAwfX0=",
          "dependencies": [
            "azurerm_network_interface.backend",
            "azurerm_public_ip.appgw",
            "azurerm_resource_group.main",
            "azurerm_subnet.appgw",
            "azurerm_subnet.backend",
            "azurerm_virtual_machine_extension.iis",
            "azurerm_virtual_network.main",
            "azurerm_windows_virtual_machine.backend"
          ]
        }
      ]
    },
    {
      "mode": "managed",
      "type": "azurerm_network_interface",
      "name": "backend",
      "provider": "provider[\"registry.terraform.io/hashicorp/azurerm\"]",
      "instances": [
        {
          "index_key": 0,
          "schema_version": 0,
          "attributes": {
            "accelerated_networking_enabled": false,
            "applied_dns_servers": [],
            "auxiliary_mode": "",
            "auxiliary_sku": "",
            "dns_servers": [],
            "edge_zone": "",
            "enable_accelerated_networking": false,
            "enable_ip_forwarding": false,
            "id": "/subscriptions/e4ae0d21-096e-49c5-9d72-37f8bde8a8a3/resourceGroups/rg-2tier-app/providers/Microsoft.Network/networkInterfaces/nic-backend-prod-1",
            "internal_dns_name_label": "",
            "internal_domain_name_suffix": "1kx5jtdbfwcevnaj044pd2z2ec.ix.internal.cloudapp.net",
            "ip_configuration": [
              {
                "gateway_load_balancer_frontend_ip_configuration_id": "",
                "name": "internal",
                "primary": true,
                "private_ip_address": "10.0.2.4",
                "private_ip_address_allocation": "Dynamic",
                "private_ip_address_version": "IPv4",
                "public_ip_address_id": "",
                "subnet_id": "/subscriptions/e4ae0d21-096e-49c5-9d72-37f8bde8a8a3/resourceGroups/rg-2tier-app/providers/Microsoft.Network/virtualNetworks/vnet-prod-2tier/subnets/snet-backend"
              }
            ],
            "ip_forwarding_enabled": false,
            "location": "southeastasia",
            "mac_address": "",
            "name": "nic-backend-prod-1",
            "private_ip_address": "10.0.2.4",
            "private_ip_addresses": [
              "10.0.2.4"
            ],
            "resource_group_name": "rg-2tier-app",
            "tags": {
              "Environment": "Development",
              "ManagedBy": "Terraform",
              "Project": "2-Tier-App"
            },
            "timeouts": null,
            "virtual_machine_id": ""
          },
          "sensitive_attributes": [],
          "private": "eyJlMmJmYjczMC1lY2FhLTExZTYtOGY4OC0zNDM2M2JjN2M0YzAiOnsiY3JlYXRlIjoxODAwMDAwMDAwMDAwLCJkZWxldGUiOjE4MDAwMDAwMDAwMDAsInJlYWQiOjMwMDAwMDAwMDAwMCwidXBkYXRlIjoxODAwMDAwMDAwMDAwfX0=",
          "dependencies": [
            "azurerm_resource_group.main",
            "azurerm_subnet.backend",
            "azurerm_virtual_network.main"
          ]
        },
        {
          "index_key": 1,
          "schema_version": 0,
          "attributes": {
            "accelerated_networking_enabled": false,
            "applied_dns_servers": [],
            "auxiliary_mode": "",
            "auxiliary_sku": "",
            "dns_servers": [],
            "edge_zone": "",
            "enable_accelerated_networking": false,
            "enable_ip_forwarding": false,
            "id": "/subscriptions/e4ae0d21-096e-49c5-9d72-37f8bde8a8a3/resourceGroups/rg-2tier-app/providers/Microsoft.Network/networkInterfaces/nic-backend-prod-2",
            "internal_dns_name_label": "",
            "internal_domain_name_suffix": "1kx5jtdbfwcevnaj044pd2z2ec.ix.internal.cloudapp.net",
            "ip_configuration": [
              {
                "gateway_load_balancer_frontend_ip_configuration_id": "",
                "name": "internal",
                "primary": true,
                "private_ip_address": "10.0.2.5",
                "private_ip_address_allocation": "Dynamic",
                "private_ip_address_version": "IPv4",
                "public_ip_address_id": "",
                "subnet_id": "/subscriptions/e4ae0d21-096e-49c5-9d72-37f8bde8a8a3/resourceGroups/rg-2tier-app/providers/Microsoft.Network/virtualNetworks/vnet-prod-2tier/subnets/snet-backend"
              }
            ],
            "ip_forwarding_enabled": false,
            "location": "southeastasia",
            "mac_address": "",
            "name": "nic-backend-prod-2",
            "private_ip_address": "10.0.2.5",
            "private_ip_addresses": [
              "10.0.2.5"
            ],
            "resource_group_name": "rg-2tier-app",
            "tags": {
              "Environment": "Development",
              "ManagedBy": "Terraform",
              "Project": "2-Tier-App"
            },
            "timeouts": null,
            "virtual_machine_id": ""
          },
          "sensitive_attributes": [],
          "private": "eyJlMmJmYjczMC1lY2FhLTExZTYtOGY4OC0zNDM2M2JjN2M0YzAiOnsiY3JlYXRlIjoxODAwMDAwMDAwMDAwLCJkZWxldGUiOjE4MDAwMDAwMDAwMDAsInJlYWQiOjMwMDAwMDAwMDAwMCwidXBkYXRlIjoxODAwMDAwMDAwMDAwfX0=",
          "dependencies": [
            "azurerm_resource_group.main",
            "azurerm_subnet.backend",
            "azurerm_virtual_network.main"
          ]
        }
      ]
    },
    {
      "mode": "managed",
      "type": "azurerm_network_security_group",
      "name": "appgw",
      "provider": "provider[\"registry.terraform.io/hashicorp/azurerm\"]",
      "instances": [
        {
          "schema_version": 0,
          "attributes": {
            "id": "/subscriptions/e4ae0d21-096e-49c5-9d72-37f8bde8a8a3/resourceGroups/rg-2tier-app/providers/Microsoft.Network/networkSecurityGroups/nsg-appgw-prod",
            "location": "southeastasia",
            "name": "nsg-appgw-prod",
            "resource_group_name": "rg-2tier-app",
            "security_rule": [
              {
                "access": "Allow",
                "description": "",
                "destination_address_prefix": "*",
                "destination_address_prefixes": [],
                "destination_application_security_group_ids": [],
                "destination_port_range": "*",
                "destination_port_ranges": [],
                "direction": "Inbound",
                "name": "AllowAzureLoadBalancer",
                "priority": 130,
                "protocol": "*",
                "source_address_prefix": "AzureLoadBalancer",
                "source_address_prefixes": [],
                "source_application_security_group_ids": [],
                "source_port_range": "*",
                "source_port_ranges": []
              },
              {
                "access": "Allow",
                "description": "",
                "destination_address_prefix": "*",
                "destination_address_prefixes": [],
                "destination_application_security_group_ids": [],
                "destination_port_range": "443",
                "destination_port_ranges": [],
                "direction": "Inbound",
                "name": "AllowHTTPSInbound",
                "priority": 110,
                "protocol": "Tcp",
                "source_address_prefix": "Internet",
                "source_address_prefixes": [],
                "source_application_security_group_ids": [],
                "source_port_range": "*",
                "source_port_ranges": []
              },
              {
                "access": "Allow",
                "description": "",
                "destination_address_prefix": "*",
                "destination_address_prefixes": [],
                "destination_application_security_group_ids": [],
                "destination_port_range": "65200-65535",
                "destination_port_ranges": [],
                "direction": "Inbound",
                "name": "AllowGatewayManager",
                "priority": 120,
                "protocol": "Tcp",
                "source_address_prefix": "GatewayManager",
                "source_address_prefixes": [],
                "source_application_security_group_ids": [],
                "source_port_range": "*",
                "source_port_ranges": []
              },
              {
                "access": "Allow",
                "description": "",
                "destination_address_prefix": "*",
                "destination_address_prefixes": [],
                "destination_application_security_group_ids": [],
                "destination_port_range": "80",
                "destination_port_ranges": [],
                "direction": "Inbound",
                "name": "AllowHTTPInbound",
                "priority": 100,
                "protocol": "Tcp",
                "source_address_prefix": "Internet",
                "source_address_prefixes": [],
                "source_application_security_group_ids": [],
                "source_port_range": "*",
                "source_port_ranges": []
              }
            ],
            "tags": {
              "Environment": "Development",
              "ManagedBy": "Terraform",
              "Project": "2-Tier-App"
            },
            "timeouts": null
          },
          "sensitive_attributes": [],
          "private": "eyJlMmJmYjczMC1lY2FhLTExZTYtOGY4OC0zNDM2M2JjN2M0YzAiOnsiY3JlYXRlIjoxODAwMDAwMDAwMDAwLCJkZWxldGUiOjE4MDAwMDAwMDAwMDAsInJlYWQiOjMwMDAwMDAwMDAwMCwidXBkYXRlIjoxODAwMDAwMDAwMDAwfX0=",
          "dependencies": [
            "azurerm_resource_group.main"
          ]
        }
      ]
    },
    {
      "mode": "managed",
      "type": "azurerm_network_security_group",
      "name": "backend",
      "provider": "provider[\"registry.terraform.io/hashicorp/azurerm\"]",
      "instances": [
        {
          "schema_version": 0,
          "attributes": {
            "id": "/subscriptions/e4ae0d21-096e-49c5-9d72-37f8bde8a8a3/resourceGroups/rg-2tier-app/providers/Microsoft.Network/networkSecurityGroups/nsg-backend-prod",
            "location": "southeastasia",
            "name": "nsg-backend-prod",
            "resource_group_name": "rg-2tier-app",
            "security_rule": [
              {
                "access": "Allow",
                "description": "",
                "destination_address_prefix": "*",
                "destination_address_prefixes": [],
                "destination_application_security_group_ids": [],
                "destination_port_range": "443",
                "destination_port_ranges": [],
                "direction": "Inbound",
                "name": "AllowHTTPSFromAppGW",
                "priority": 110,
                "protocol": "Tcp",
                "source_address_prefix": "10.0.1.0/24",
                "source_address_prefixes": [],
                "source_application_security_group_ids": [],
                "source_port_range": "*",
                "source_port_ranges": []
              },
              {
                "access": "Allow",
                "description": "",
                "destination_address_prefix": "*",
                "destination_address_prefixes": [],
                "destination_application_security_group_ids": [],
                "destination_port_range": "80",
                "destination_port_ranges": [],
                "direction": "Inbound",
                "name": "AllowHTTPFromAppGW",
                "priority": 100,
                "protocol": "Tcp",
                "source_address_prefix": "10.0.1.0/24",
                "source_address_prefixes": [],
                "source_application_security_group_ids": [],
                "source_port_range": "*",
                "source_port_ranges": []
              },
              {
                "access": "Allow",
                "description": "",
                "destination_address_prefix": "Internet",
                "destination_address_prefixes": [],
                "destination_application_security_group_ids": [],
                "destination_port_range": "*",
                "destination_port_ranges": [],
                "direction": "Outbound",
                "name": "AllowInternetOutbound",
                "priority": 100,
                "protocol": "*",
                "source_address_prefix": "*",
                "source_address_prefixes": [],
                "source_application_security_group_ids": [],
                "source_port_range": "*",
                "source_port_ranges": []
              },
              {
                "access": "Deny",
                "description": "",
                "destination_address_prefix": "*",
                "destination_address_prefixes": [],
                "destination_application_security_group_ids": [],
                "destination_port_range": "*",
                "destination_port_ranges": [],
                "direction": "Inbound",
                "name": "DenyInternetInbound",
                "priority": 4000,
                "protocol": "*",
                "source_address_prefix": "Internet",
                "source_address_prefixes": [],
                "source_application_security_group_ids": [],
                "source_port_range": "*",
                "source_port_ranges": []
              }
            ],
            "tags": {
              "Environment": "Development",
              "ManagedBy": "Terraform",
              "Project": "2-Tier-App"
            },
            "timeouts": null
          },
          "sensitive_attributes": [],
          "private": "eyJlMmJmYjczMC1lY2FhLTExZTYtOGY4OC0zNDM2M2JjN2M0YzAiOnsiY3JlYXRlIjoxODAwMDAwMDAwMDAwLCJkZWxldGUiOjE4MDAwMDAwMDAwMDAsInJlYWQiOjMwMDAwMDAwMDAwMCwidXBkYXRlIjoxODAwMDAwMDAwMDAwfX0=",
          "dependencies": [
            "azurerm_resource_group.main"
          ]
        }
      ]
    },
    {
      "mode": "managed",
      "type": "azurerm_public_ip",
      "name": "appgw",
      "provider": "provider[\"registry.terraform.io/hashicorp/azurerm\"]",
      "instances": [
        {
          "schema_version": 0,
          "attributes": {
            "allocation_method": "Static",
            "ddos_protection_mode": "VirtualNetworkInherited",
            "ddos_protection_plan_id": null,
            "domain_name_label": null,
            "edge_zone": "",
            "fqdn": null,
            "id": "/subscriptions/e4ae0d21-096e-49c5-9d72-37f8bde8a8a3/resourceGroups/rg-2tier-app/providers/Microsoft.Network/publicIPAddresses/pip-appgw-prod",
            "idle_timeout_in_minutes": 4,
            "ip_address": "20.212.104.155",
            "ip_tags": null,
            "ip_version": "IPv4",
            "location": "southeastasia",
            "name": "pip-appgw-prod",
            "public_ip_prefix_id": null,
            "resource_group_name": "rg-2tier-app",
            "reverse_fqdn": null,
            "sku": "Standard",
            "sku_tier": "Regional",
            "tags": {
              "Environment": "Development",
              "ManagedBy": "Terraform",
              "Project": "2-Tier-App"
            },
            "timeouts": null,
            "zones": null
          },
          "sensitive_attributes": [],
          "private": "eyJlMmJmYjczMC1lY2FhLTExZTYtOGY4OC0zNDM2M2JjN2M0YzAiOnsiY3JlYXRlIjoxODAwMDAwMDAwMDAwLCJkZWxldGUiOjE4MDAwMDAwMDAwMDAsInJlYWQiOjMwMDAwMDAwMDAwMCwidXBkYXRlIjoxODAwMDAwMDAwMDAwfX0=",
          "dependencies": [
            "azurerm_resource_group.main"
          ]
        }
      ]
    },
    {
      "mode": "managed",
      "type": "azurerm_resource_group",
      "name": "main",
      "provider": "provider[\"registry.terraform.io/hashicorp/azurerm\"]",
      "instances": [
        {
          "schema_version": 0,
          "attributes": {
            "id": "/subscriptions/e4ae0d21-096e-49c5-9d72-37f8bde8a8a3/resourceGroups/rg-2tier-app",
            "location": "southeastasia",
            "managed_by": "",
            "name": "rg-2tier-app",
            "tags": {
              "Environment": "Development",
              "ManagedBy": "Terraform",
              "Project": "2-Tier-App"
            },
            "timeouts": null
          },
          "sensitive_attributes": [],
          "private": "eyJlMmJmYjczMC1lY2FhLTExZTYtOGY4OC0zNDM2M2JjN2M0YzAiOnsiY3JlYXRlIjo1NDAwMDAwMDAwMDAwLCJkZWxldGUiOjU0MDAwMDAwMDAwMDAsInJlYWQiOjMwMDAwMDAwMDAwMCwidXBkYXRlIjo1NDAwMDAwMDAwMDAwfX0="
        }
      ]
    },
    {
      "mode": "managed",
      "type": "azurerm_subnet",
      "name": "appgw",
      "provider": "provider[\"registry.terraform.io/hashicorp/azurerm\"]",
      "instances": [
        {
          "schema_version": 0,
          "attributes": {
            "address_prefixes": [
              "10.0.1.0/24"
            ],
            "default_outbound_access_enabled": true,
            "delegation": [],
            "enforce_private_link_endpoint_network_policies": false,
            "enforce_private_link_service_network_policies": false,
            "id": "/subscriptions/e4ae0d21-096e-49c5-9d72-37f8bde8a8a3/resourceGroups/rg-2tier-app/providers/Microsoft.Network/virtualNetworks/vnet-prod-2tier/subnets/snet-appgw",
            "name": "snet-appgw",
            "private_endpoint_network_policies": "Enabled",
            "private_endpoint_network_policies_enabled": true,
            "private_link_service_network_policies_enabled": true,
            "resource_group_name": "rg-2tier-app",
            "service_endpoint_policy_ids": null,
            "service_endpoints": null,
            "timeouts": null,
            "virtual_network_name": "vnet-prod-2tier"
          },
          "sensitive_attributes": [],
          "private": "eyJlMmJmYjczMC1lY2FhLTExZTYtOGY4OC0zNDM2M2JjN2M0YzAiOnsiY3JlYXRlIjoxODAwMDAwMDAwMDAwLCJkZWxldGUiOjE4MDAwMDAwMDAwMDAsInJlYWQiOjMwMDAwMDAwMDAwMCwidXBkYXRlIjoxODAwMDAwMDAwMDAwfX0=",
          "dependencies": [
            "azurerm_resource_group.main",
            "azurerm_virtual_network.main"
          ]
        }
      ]
    },
    {
      "mode": "managed",
      "type": "azurerm_subnet",
      "name": "backend",
      "provider": "provider[\"registry.terraform.io/hashicorp/azurerm\"]",
      "instances": [
        {
          "schema_version": 0,
          "attributes": {
            "address_prefixes": [
              "10.0.2.0/24"
            ],
            "default_outbound_access_enabled": true,
            "delegation": [],
            "enforce_private_link_endpoint_network_policies": false,
            "enforce_private_link_service_network_policies": false,
            "id": "/subscriptions/e4ae0d21-096e-49c5-9d72-37f8bde8a8a3/resourceGroups/rg-2tier-app/providers/Microsoft.Network/virtualNetworks/vnet-prod-2tier/subnets/snet-backend",
            "name": "snet-backend",
            "private_endpoint_network_policies": "Enabled",
            "private_endpoint_network_policies_enabled": true,
            "private_link_service_network_policies_enabled": true,
            "resource_group_name": "rg-2tier-app",
            "service_endpoint_policy_ids": null,
            "service_endpoints": null,
            "timeouts": null,
            "virtual_network_name": "vnet-prod-2tier"
          },
          "sensitive_attributes": [],
          "private": "eyJlMmJmYjczMC1lY2FhLTExZTYtOGY4OC0zNDM2M2JjN2M0YzAiOnsiY3JlYXRlIjoxODAwMDAwMDAwMDAwLCJkZWxldGUiOjE4MDAwMDAwMDAwMDAsInJlYWQiOjMwMDAwMDAwMDAwMCwidXBkYXRlIjoxODAwMDAwMDAwMDAwfX0=",
          "dependencies": [
            "azurerm_resource_group.main",
            "azurerm_virtual_network.main"
          ]
        }
      ]
    },
    {
      "mode": "managed",
      "type": "azurerm_subnet_network_security_group_association",
      "name": "appgw",
      "provider": "provider[\"registry.terraform.io/hashicorp/azurerm\"]",
      "instances": [
        {
          "schema_version": 0,
          "attributes": {
            "id": "/subscriptions/e4ae0d21-096e-49c5-9d72-37f8bde8a8a3/resourceGroups/rg-2tier-app/providers/Microsoft.Network/virtualNetworks/vnet-prod-2tier/subnets/snet-appgw",
            "network_security_group_id": "/subscriptions/e4ae0d21-096e-49c5-9d72-37f8bde8a8a3/resourceGroups/rg-2tier-app/providers/Microsoft.Network/networkSecurityGroups/nsg-appgw-prod",
            "subnet_id": "/subscriptions/e4ae0d21-096e-49c5-9d72-37f8bde8a8a3/resourceGroups/rg-2tier-app/providers/Microsoft.Network/virtualNetworks/vnet-prod-2tier/subnets/snet-appgw",
            "timeouts": null
          },
          "sensitive_attributes": [],
          "private": "eyJlMmJmYjczMC1lY2FhLTExZTYtOGY4OC0zNDM2M2JjN2M0YzAiOnsiY3JlYXRlIjoxODAwMDAwMDAwMDAwLCJkZWxldGUiOjE4MDAwMDAwMDAwMDAsInJlYWQiOjMwMDAwMDAwMDAwMH19",
          "dependencies": [
            "azurerm_network_security_group.appgw",
            "azurerm_resource_group.main",
            "azurerm_subnet.appgw",
            "azurerm_virtual_network.main"
          ]
        }
      ]
    },
    {
      "mode": "managed",
      "type": "azurerm_subnet_network_security_group_association",
      "name": "backend",
      "provider": "provider[\"registry.terraform.io/hashicorp/azurerm\"]",
      "instances": [
        {
          "schema_version": 0,
          "attributes": {
            "id": "/subscriptions/e4ae0d21-096e-49c5-9d72-37f8bde8a8a3/resourceGroups/rg-2tier-app/providers/Microsoft.Network/virtualNetworks/vnet-prod-2tier/subnets/snet-backend",
            "network_security_group_id": "/subscriptions/e4ae0d21-096e-49c5-9d72-37f8bde8a8a3/resourceGroups/rg-2tier-app/providers/Microsoft.Network/networkSecurityGroups/nsg-backend-prod",
            "subnet_id": "/subscriptions/e4ae0d21-096e-49c5-9d72-37f8bde8a8a3/resourceGroups/rg-2tier-app/providers/Microsoft.Network/virtualNetworks/vnet-prod-2tier/subnets/snet-backend",
            "timeouts": null
          },
          "sensitive_attributes": [],
          "private": "eyJlMmJmYjczMC1lY2FhLTExZTYtOGY4OC0zNDM2M2JjN2M0YzAiOnsiY3JlYXRlIjoxODAwMDAwMDAwMDAwLCJkZWxldGUiOjE4MDAwMDAwMDAwMDAsInJlYWQiOjMwMDAwMDAwMDAwMH19",
          "dependencies": [
            "azurerm_network_security_group.backend",
            "azurerm_resource_group.main",
            "azurerm_subnet.backend",
            "azurerm_virtual_network.main"
          ]
        }
      ]
    },
    {
      "mode": "managed",
      "type": "azurerm_virtual_machine_extension",
      "name": "iis",
      "provider": "provider[\"registry.terraform.io/hashicorp/azurerm\"]",
      "instances": [
        {
          "index_key": 0,
          "schema_version": 0,
          "attributes": {
            "auto_upgrade_minor_version": false,
            "automatic_upgrade_enabled": false,
            "failure_suppression_enabled": false,
            "id": "/subscriptions/e4ae0d21-096e-49c5-9d72-37f8bde8a8a3/resourceGroups/rg-2tier-app/providers/Microsoft.Compute/virtualMachines/vm-backend-1/extensions/install-iis",
            "name": "install-iis",
            "protected_settings": null,
            "protected_settings_from_key_vault": [],
            "provision_after_extensions": null,
            "publisher": "Microsoft.Compute",
            "settings": "{\"commandToExecute\":\"powershell -ExecutionPolicy Unrestricted -Command \\\"Install-WindowsFeature -Name Web-Server -IncludeManagementTools; Remove-Item -Path 'C:\\\\inetpub\\\\wwwroot\\\\*' -Recurse -Force -ErrorAction SilentlyContinue; Invoke-WebRequest -Uri 'https://www.tooplate.com/zip-templates/2155_modern_musician.zip' -OutFile 'C:\\\\temp\\\\website.zip'; New-Item -ItemType Directory -Path 'C:\\\\temp' -Force; Invoke-WebRequest -Uri 'https://www.tooplate.com/zip-templates/2155_modern_musician.zip' -OutFile 'C:\\\\temp\\\\website.zip'; Expand-Archive -Path 'C:\\\\temp\\\\website.zip' -DestinationPath 'C:\\\\temp\\\\extracted' -Force; Copy-Item -Path 'C:\\\\temp\\\\extracted\\\\2155_modern_musician\\\\*' -Destination 'C:\\\\inetpub\\\\wwwroot\\\\' -Recurse -Force; Remove-Item -Path 'C:\\\\temp' -Recurse -Force\\\"\"}",
            "tags": {
              "Environment": "Development",
              "ManagedBy": "Terraform",
              "Project": "2-Tier-App"
            },
            "timeouts": null,
            "type": "CustomScriptExtension",
            "type_handler_version": "1.10",
            "virtual_machine_id": "/subscriptions/e4ae0d21-096e-49c5-9d72-37f8bde8a8a3/resourceGroups/rg-2tier-app/providers/Microsoft.Compute/virtualMachines/vm-backend-1"
          },
          "sensitive_attributes": [],
          "private": "eyJlMmJmYjczMC1lY2FhLTExZTYtOGY4OC0zNDM2M2JjN2M0YzAiOnsiY3JlYXRlIjoxODAwMDAwMDAwMDAwLCJkZWxldGUiOjE4MDAwMDAwMDAwMDAsInJlYWQiOjMwMDAwMDAwMDAwMCwidXBkYXRlIjoxODAwMDAwMDAwMDAwfX0=",
          "dependencies": [
            "azurerm_network_interface.backend",
            "azurerm_resource_group.main",
            "azurerm_subnet.backend",
            "azurerm_virtual_network.main",
            "azurerm_windows_virtual_machine.backend"
          ]
        },
        {
          "index_key": 1,
          "schema_version": 0,
          "attributes": {
            "auto_upgrade_minor_version": false,
            "automatic_upgrade_enabled": false,
            "failure_suppression_enabled": false,
            "id": "/subscriptions/e4ae0d21-096e-49c5-9d72-37f8bde8a8a3/resourceGroups/rg-2tier-app/providers/Microsoft.Compute/virtualMachines/vm-backend-2/extensions/install-iis",
            "name": "install-iis",
            "protected_settings": null,
            "protected_settings_from_key_vault": [],
            "provision_after_extensions": null,
            "publisher": "Microsoft.Compute",
            "settings": "{\"commandToExecute\":\"powershell -ExecutionPolicy Unrestricted -Command \\\"Install-WindowsFeature -Name Web-Server -IncludeManagementTools; Remove-Item -Path 'C:\\\\inetpub\\\\wwwroot\\\\*' -Recurse -Force -ErrorAction SilentlyContinue; Invoke-WebRequest -Uri 'https://www.tooplate.com/zip-templates/2155_modern_musician.zip' -OutFile 'C:\\\\temp\\\\website.zip'; New-Item -ItemType Directory -Path 'C:\\\\temp' -Force; Invoke-WebRequest -Uri 'https://www.tooplate.com/zip-templates/2155_modern_musician.zip' -OutFile 'C:\\\\temp\\\\website.zip'; Expand-Archive -Path 'C:\\\\temp\\\\website.zip' -DestinationPath 'C:\\\\temp\\\\extracted' -Force; Copy-Item -Path 'C:\\\\temp\\\\extracted\\\\2155_modern_musician\\\\*' -Destination 'C:\\\\inetpub\\\\wwwroot\\\\' -Recurse -Force; Remove-Item -Path 'C:\\\\temp' -Recurse -Force\\\"\"}",
            "tags": {
              "Environment": "Development",
              "ManagedBy": "Terraform",
              "Project": "2-Tier-App"
            },
            "timeouts": null,
            "type": "CustomScriptExtension",
            "type_handler_version": "1.10",
            "virtual_machine_id": "/subscriptions/e4ae0d21-096e-49c5-9d72-37f8bde8a8a3/resourceGroups/rg-2tier-app/providers/Microsoft.Compute/virtualMachines/vm-backend-2"
          },
          "sensitive_attributes": [],
          "private": "eyJlMmJmYjczMC1lY2FhLTExZTYtOGY4OC0zNDM2M2JjN2M0YzAiOnsiY3JlYXRlIjoxODAwMDAwMDAwMDAwLCJkZWxldGUiOjE4MDAwMDAwMDAwMDAsInJlYWQiOjMwMDAwMDAwMDAwMCwidXBkYXRlIjoxODAwMDAwMDAwMDAwfX0=",
          "dependencies": [
            "azurerm_network_interface.backend",
            "azurerm_resource_group.main",
            "azurerm_subnet.backend",
            "azurerm_virtual_network.main",
            "azurerm_windows_virtual_machine.backend"
          ]
        }
      ]
    },
    {
      "mode": "managed",
      "type": "azurerm_virtual_network",
      "name": "main",
      "provider": "provider[\"registry.terraform.io/hashicorp/azurerm\"]",
      "instances": [
        {
          "schema_version": 0,
          "attributes": {
            "address_space": [
              "10.0.0.0/16"
            ],
            "bgp_community": "",
            "ddos_protection_plan": [],
            "dns_servers": [],
            "edge_zone": "",
            "encryption": [],
            "flow_timeout_in_minutes": 0,
            "guid": "ccf4afda-2d61-4a84-b409-d7bcf1f33c22",
            "id": "/subscriptions/e4ae0d21-096e-49c5-9d72-37f8bde8a8a3/resourceGroups/rg-2tier-app/providers/Microsoft.Network/virtualNetworks/vnet-prod-2tier",
            "location": "southeastasia",
            "name": "vnet-prod-2tier",
            "resource_group_name": "rg-2tier-app",
            "subnet": [],
            "tags": {
              "Environment": "Development",
              "ManagedBy": "Terraform",
              "Project": "2-Tier-App"
            },
            "timeouts": null
          },
          "sensitive_attributes": [],
          "private": "eyJlMmJmYjczMC1lY2FhLTExZTYtOGY4OC0zNDM2M2JjN2M0YzAiOnsiY3JlYXRlIjoxODAwMDAwMDAwMDAwLCJkZWxldGUiOjE4MDAwMDAwMDAwMDAsInJlYWQiOjMwMDAwMDAwMDAwMCwidXBkYXRlIjoxODAwMDAwMDAwMDAwfX0=",
          "dependencies": [
            "azurerm_resource_group.main"
          ]
        }
      ]
    },
    {
      "mode": "managed",
      "type": "azurerm_windows_virtual_machine",
      "name": "backend",
      "provider": "provider[\"registry.terraform.io/hashicorp/azurerm\"]",
      "instances": [
        {
          "index_key": 0,
          "schema_version": 0,
          "attributes": {
            "additional_capabilities": [],
            "additional_unattend_content": [],
            "admin_password": "P@ssw0rd2024!",
            "admin_username": "adminuser",
            "allow_extension_operations": true,
            "availability_set_id": "",
            "boot_diagnostics": [
              {
                "storage_account_uri": ""
              }
            ],
            "bypass_platform_safety_checks_on_user_schedule_enabled": false,
            "capacity_reservation_group_id": "",
            "computer_name": "vm-backend-1",
            "custom_data": null,
            "dedicated_host_group_id": "",
            "dedicated_host_id": "",
            "disk_controller_type": "SCSI",
            "edge_zone": "",
            "enable_automatic_updates": true,
            "encryption_at_host_enabled": false,
            "eviction_policy": "",
            "extensions_time_budget": "PT1H30M",
            "gallery_application": [],
            "hotpatching_enabled": false,
            "id": "/subscriptions/e4ae0d21-096e-49c5-9d72-37f8bde8a8a3/resourceGroups/rg-2tier-app/providers/Microsoft.Compute/virtualMachines/vm-backend-1",
            "identity": [],
            "license_type": "",
            "location": "southeastasia",
            "max_bid_price": -1,
            "name": "vm-backend-1",
            "network_interface_ids": [
              "/subscriptions/e4ae0d21-096e-49c5-9d72-37f8bde8a8a3/resourceGroups/rg-2tier-app/providers/Microsoft.Network/networkInterfaces/nic-backend-prod-1"
            ],
            "os_disk": [
              {
                "caching": "ReadWrite",
                "diff_disk_settings": [],
                "disk_encryption_set_id": "",
                "disk_size_gb": 128,
                "name": "vm-backend-1_OsDisk_1_3825922d378a4870bb5a2ec8d6a29a0e",
                "secure_vm_disk_encryption_set_id": "",
                "security_encryption_type": "",
                "storage_account_type": "Premium_LRS",
                "write_accelerator_enabled": false
              }
            ],
            "os_image_notification": [],
            "patch_assessment_mode": "ImageDefault",
            "patch_mode": "AutomaticByOS",
            "plan": [],
            "platform_fault_domain": -1,
            "priority": "Regular",
            "private_ip_address": "10.0.2.4",
            "private_ip_addresses": [
              "10.0.2.4"
            ],
            "provision_vm_agent": true,
            "proximity_placement_group_id": "",
            "public_ip_address": "",
            "public_ip_addresses": [],
            "reboot_setting": "",
            "resource_group_name": "rg-2tier-app",
            "secret": [],
            "secure_boot_enabled": false,
            "size": "Standard_D2s_v3",
            "source_image_id": "",
            "source_image_reference": [
              {
                "offer": "WindowsServer",
                "publisher": "MicrosoftWindowsServer",
                "sku": "2022-datacenter-azure-edition",
                "version": "latest"
              }
            ],
            "tags": {
              "Environment": "Development",
              "ManagedBy": "Terraform",
              "Project": "2-Tier-App"
            },
            "termination_notification": null,
            "timeouts": null,
            "timezone": "",
            "user_data": "",
            "virtual_machine_id": "6b4ab4c1-6ef2-4513-95b2-feaf958228ca",
            "virtual_machine_scale_set_id": "",
            "vm_agent_platform_updates_enabled": true,
            "vtpm_enabled": false,
            "winrm_listener": [],
            "zone": ""
          },
          "sensitive_attributes": [
            [
              {
                "type": "get_attr",
                "value": "admin_password"
              }
            ]
          ],
          "private": "eyJlMmJmYjczMC1lY2FhLTExZTYtOGY4OC0zNDM2M2JjN2M0YzAiOnsiY3JlYXRlIjoyNzAwMDAwMDAwMDAwLCJkZWxldGUiOjI3MDAwMDAwMDAwMDAsInJlYWQiOjMwMDAwMDAwMDAwMCwidXBkYXRlIjoyNzAwMDAwMDAwMDAwfX0=",
          "dependencies": [
            "azurerm_network_interface.backend",
            "azurerm_resource_group.main",
            "azurerm_subnet.backend",
            "azurerm_virtual_network.main"
          ]
        },
        {
          "index_key": 1,
          "schema_version": 0,
          "attributes": {
            "additional_capabilities": [],
            "additional_unattend_content": [],
            "admin_password": "P@ssw0rd2024!",
            "admin_username": "adminuser",
            "allow_extension_operations": true,
            "availability_set_id": "",
            "boot_diagnostics": [
              {
                "storage_account_uri": ""
              }
            ],
            "bypass_platform_safety_checks_on_user_schedule_enabled": false,
            "capacity_reservation_group_id": "",
            "computer_name": "vm-backend-2",
            "custom_data": null,
            "dedicated_host_group_id": "",
            "dedicated_host_id": "",
            "disk_controller_type": "SCSI",
            "edge_zone": "",
            "enable_automatic_updates": true,
            "encryption_at_host_enabled": false,
            "eviction_policy": "",
            "extensions_time_budget": "PT1H30M",
            "gallery_application": [],
            "hotpatching_enabled": false,
            "id": "/subscriptions/e4ae0d21-096e-49c5-9d72-37f8bde8a8a3/resourceGroups/rg-2tier-app/providers/Microsoft.Compute/virtualMachines/vm-backend-2",
            "identity": [],
            "license_type": "",
            "location": "southeastasia",
            "max_bid_price": -1,
            "name": "vm-backend-2",
            "network_interface_ids": [
              "/subscriptions/e4ae0d21-096e-49c5-9d72-37f8bde8a8a3/resourceGroups/rg-2tier-app/providers/Microsoft.Network/networkInterfaces/nic-backend-prod-2"
            ],
            "os_disk": [
              {
                "caching": "ReadWrite",
                "diff_disk_settings": [],
                "disk_encryption_set_id": "",
                "disk_size_gb": 128,
                "name": "vm-backend-2_OsDisk_1_085e9b4645544458a4b344a763239415",
                "secure_vm_disk_encryption_set_id": "",
                "security_encryption_type": "",
                "storage_account_type": "Premium_LRS",
                "write_accelerator_enabled": false
              }
            ],
            "os_image_notification": [],
            "patch_assessment_mode": "ImageDefault",
            "patch_mode": "AutomaticByOS",
            "plan": [],
            "platform_fault_domain": -1,
            "priority": "Regular",
            "private_ip_address": "10.0.2.5",
            "private_ip_addresses": [
              "10.0.2.5"
            ],
            "provision_vm_agent": true,
            "proximity_placement_group_id": "",
            "public_ip_address": "",
            "public_ip_addresses": [],
            "reboot_setting": "",
            "resource_group_name": "rg-2tier-app",
            "secret": [],
            "secure_boot_enabled": false,
            "size": "Standard_D2s_v3",
            "source_image_id": "",
            "source_image_reference": [
              {
                "offer": "WindowsServer",
                "publisher": "MicrosoftWindowsServer",
                "sku": "2022-datacenter-azure-edition",
                "version": "latest"
              }
            ],
            "tags": {
              "Environment": "Development",
              "ManagedBy": "Terraform",
              "Project": "2-Tier-App"
            },
            "termination_notification": null,
            "timeouts": null,
            "timezone": "",
            "user_data": "",
            "virtual_machine_id": "298ea385-8d39-493a-a224-734964565824",
            "virtual_machine_scale_set_id": "",
            "vm_agent_platform_updates_enabled": true,
            "vtpm_enabled": false,
            "winrm_listener": [],
            "zone": ""
          },
          "sensitive_attributes": [
            [
              {
                "type": "get_attr",
                "value": "admin_password"
              }
            ]
          ],
          "private": "eyJlMmJmYjczMC1lY2FhLTExZTYtOGY4OC0zNDM2M2JjN2M0YzAiOnsiY3JlYXRlIjoyNzAwMDAwMDAwMDAwLCJkZWxldGUiOjI3MDAwMDAwMDAwMDAsInJlYWQiOjMwMDAwMDAwMDAwMCwidXBkYXRlIjoyNzAwMDAwMDAwMDAwfX0=",
          "dependencies": [
            "azurerm_network_interface.backend",
            "azurerm_resource_group.main",
            "azurerm_subnet.backend",
            "azurerm_virtual_network.main"
          ]
        }
      ]
    }
  ],
  "check_results": null
}
